
Microsoft Visual Studio Solution File, Format Version 12.00
# Visual Studio Version 17
VisualStudioVersion = 17.14.36511.14 d17.14
MinimumVisualStudioVersion = 10.0.40219.1
Project("{2150E333-8FDC-42A3-9474-1A3956D46DE8}") = "Task0", "Task0", "{02EA681E-C7D8-13C7-8484-4AC65E1B71E8}"
EndProject
Project("{FAE04EC0-301F-11D3-BF4B-00C04F79EFBC}") = "Tyuiu.BiryukovAY.Sprint3.Task0.V20", "Tyuiu.BiryukovAY.Sprint3.Task0.V20\Tyuiu.BiryukovAY.Sprint3.Task0.V20.csproj", "{2568CB7C-72DA-410C-AEC1-2F2ECD07F931}"
EndProject
Project("{FAE04EC0-301F-11D3-BF4B-00C04F79EFBC}") = "Tyuiu.BiryukovAY.Sprint3.Task0.V20.Lib", "Tyuiu.BiryukovAY.Sprint3.Task0.V20.Lib\Tyuiu.BiryukovAY.Sprint3.Task0.V20.Lib.csproj", "{C8AF5D21-217F-4BFA-AC59-8C24450C73FD}"
EndProject
Project("{FAE04EC0-301F-11D3-BF4B-00C04F79EFBC}") = "Tyuiu.BiryukovAY.Sprint3.Task0.V20.Test", "Tyuiu.BiryukovAY.Sprint3.Task0.V20.Test\Tyuiu.BiryukovAY.Sprint3.Task0.V20.Test.csproj", "{1F3332D2-EB13-4B3E-830B-AB04F353A313}"
EndProject
Project("{2150E333-8FDC-42A3-9474-1A3956D46DE8}") = "Task1", "Task1", "{440628FD-3803-485D-96F7-1E5C53D68A14}"
EndProject
Project("{FAE04EC0-301F-11D3-BF4B-00C04F79EFBC}") = "Tyuiu.BiryukovAY.Sprint3.Task1.V17", "Tyuiu.BiryukovAY.Sprint3.Task1.V17\Tyuiu.BiryukovAY.Sprint3.Task1.V17.csproj", "{6A16BFE4-0624-45D7-B974-9AB646DCE428}"
EndProject
Project("{FAE04EC0-301F-11D3-BF4B-00C04F79EFBC}") = "Tyuiu.BiryukovAY.Sprint3.Task1.V17.Lib", "Tyuiu.BiryukovAY.Sprint3.Task1.V17.Lib\Tyuiu.BiryukovAY.Sprint3.Task1.V17.Lib.csproj", "{ACA89CCC-EAC4-4C99-9943-FCAC94B9F917}"
EndProject
Project("{FAE04EC0-301F-11D3-BF4B-00C04F79EFBC}") = "Tyuiu.BiryukovAY.Sprint3.Task1.V17.Test", "Tyuiu.BiryukovAY.Sprint3.Task1.V17.Test\Tyuiu.BiryukovAY.Sprint3.Task1.V17.Test.csproj", "{B3A71399-49EE-4642-A67B-E3A9B6992844}"
EndProject
Project("{2150E333-8FDC-42A3-9474-1A3956D46DE8}") = "Task2", "Task2", "{0249D40F-0113-4682-9F70-8A5BFD7FA957}"
EndProject
Project("{FAE04EC0-301F-11D3-BF4B-00C04F79EFBC}") = "Tyuiu.BiryukovAY.Sprint3.Task2.V26", "Tyuiu.BiryukovAY.Sprint3.Task2.V26\Tyuiu.BiryukovAY.Sprint3.Task2.V26.csproj", "{DE89BB11-7CEF-410B-82D8-88D638B859D3}"
EndProject
Project("{FAE04EC0-301F-11D3-BF4B-00C04F79EFBC}") = "Tyuiu.BiryukovAY.Sprint3.Task2.V26.Lib", "Tyuiu.BiryukovAY.Sprint3.Task2.V26.Lib\Tyuiu.BiryukovAY.Sprint3.Task2.V26.Lib.csproj", "{07B5F0F5-0A25-4FA1-A3F8-D383A971B7F7}"
EndProject
Project("{FAE04EC0-301F-11D3-BF4B-00C04F79EFBC}") = "Tyuiu.BiryukovAY.Sprint3.Task2.V26.Test", "Tyuiu.BiryukovAY.Sprint3.Task2.V26.Test\Tyuiu.BiryukovAY.Sprint3.Task2.V26.Test.csproj", "{E7BF9C9F-092B-4010-8405-209A5671390E}"
EndProject
Project("{2150E333-8FDC-42A3-9474-1A3956D46DE8}") = "Task3", "Task3", "{C5B0EA88-D72B-4DC4-8DAC-BB0B788CCA31}"
EndProject
Project("{FAE04EC0-301F-11D3-BF4B-00C04F79EFBC}") = "Tyuiu.BiryukovAY.Sprint3.Task3.V13", "Tyuiu.BiryukovAY.Sprint3.Task3.V13\Tyuiu.BiryukovAY.Sprint3.Task3.V13.csproj", "{CB33796F-0C06-415A-8FE7-8C2332F1CD75}"
EndProject
Project("{FAE04EC0-301F-11D3-BF4B-00C04F79EFBC}") = "Tyuiu.BiryukovAY.Sprint3.Task3.V13.Lib", "Tyuiu.BiryukovAY.Sprint3.Task3.V13.Lib\Tyuiu.BiryukovAY.Sprint3.Task3.V13.Lib.csproj", "{C0111D17-0DE1-463B-B51D-3A77F7ADE847}"
EndProject
Project("{FAE04EC0-301F-11D3-BF4B-00C04F79EFBC}") = "Tyuiu.BiryukovAY.Sprint3.Task3.V13.Test", "Tyuiu.BiryukovAY.Sprint3.Task3.V13.Test\Tyuiu.BiryukovAY.Sprint3.Task3.V13.Test.csproj", "{7E862AC9-DF0F-4505-9B9E-4C7145B0E4A1}"
EndProject
Global
	GlobalSection(SolutionConfigurationPlatforms) = preSolution
		Debug|Any CPU = Debug|Any CPU
		Release|Any CPU = Release|Any CPU
	EndGlobalSection
	GlobalSection(ProjectConfigurationPlatforms) = postSolution
		{2568CB7C-72DA-410C-AEC1-2F2ECD07F931}.Debug|Any CPU.ActiveCfg = Debug|Any CPU
		{2568CB7C-72DA-410C-AEC1-2F2ECD07F931}.Debug|Any CPU.Build.0 = Debug|Any CPU
		{2568CB7C-72DA-410C-AEC1-2F2ECD07F931}.Release|Any CPU.ActiveCfg = Release|Any CPU
		{2568CB7C-72DA-410C-AEC1-2F2ECD07F931}.Release|Any CPU.Build.0 = Release|Any CPU
		{C8AF5D21-217F-4BFA-AC59-8C24450C73FD}.Debug|Any CPU.ActiveCfg = Debug|Any CPU
		{C8AF5D21-217F-4BFA-AC59-8C24450C73FD}.Debug|Any CPU.Build.0 = Debug|Any CPU
		{C8AF5D21-217F-4BFA-AC59-8C24450C73FD}.Release|Any CPU.ActiveCfg = Release|Any CPU
		{C8AF5D21-217F-4BFA-AC59-8C24450C73FD}.Release|Any CPU.Build.0 = Release|Any CPU
		{1F3332D2-EB13-4B3E-830B-AB04F353A313}.Debug|Any CPU.ActiveCfg = Debug|Any CPU
		{1F3332D2-EB13-4B3E-830B-AB04F353A313}.Debug|Any CPU.Build.0 = Debug|Any CPU
		{1F3332D2-EB13-4B3E-830B-AB04F353A313}.Release|Any CPU.ActiveCfg = Release|Any CPU
		{1F3332D2-EB13-4B3E-830B-AB04F353A313}.Release|Any CPU.Build.0 = Release|Any CPU
		{6A16BFE4-0624-45D7-B974-9AB646DCE428}.Debug|Any CPU.ActiveCfg = Debug|Any CPU
		{6A16BFE4-0624-45D7-B974-9AB646DCE428}.Debug|Any CPU.Build.0 = Debug|Any CPU
		{6A16BFE4-0624-45D7-B974-9AB646DCE428}.Release|Any CPU.ActiveCfg = Release|Any CPU
		{6A16BFE4-0624-45D7-B974-9AB646DCE428}.Release|Any CPU.Build.0 = Release|Any CPU
		{ACA89CCC-EAC4-4C99-9943-FCAC94B9F917}.Debug|Any CPU.ActiveCfg = Debug|Any CPU
		{ACA89CCC-EAC4-4C99-9943-FCAC94B9F917}.Debug|Any CPU.Build.0 = Debug|Any CPU
		{ACA89CCC-EAC4-4C99-9943-FCAC94B9F917}.Release|Any CPU.ActiveCfg = Release|Any CPU
		{ACA89CCC-EAC4-4C99-9943-FCAC94B9F917}.Release|Any CPU.Build.0 = Release|Any CPU
		{B3A71399-49EE-4642-A67B-E3A9B6992844}.Debug|Any CPU.ActiveCfg = Debug|Any CPU
		{B3A71399-49EE-4642-A67B-E3A9B6992844}.Debug|Any CPU.Build.0 = Debug|Any CPU
		{B3A71399-49EE-4642-A67B-E3A9B6992844}.Release|Any CPU.ActiveCfg = Release|Any CPU
		{B3A71399-49EE-4642-A67B-E3A9B6992844}.Release|Any CPU.Build.0 = Release|Any CPU
		{DE89BB11-7CEF-410B-82D8-88D638B859D3}.Debug|Any CPU.ActiveCfg = Debug|Any CPU
		{DE89BB11-7CEF-410B-82D8-88D638B859D3}.Debug|Any CPU.Build.0 = Debug|Any CPU
		{DE89BB11-7CEF-410B-82D8-88D638B859D3}.Release|Any CPU.ActiveCfg = Release|Any CPU
		{DE89BB11-7CEF-410B-82D8-88D638B859D3}.Release|Any CPU.Build.0 = Release|Any CPU
		{07B5F0F5-0A25-4FA1-A3F8-D383A971B7F7}.Debug|Any CPU.ActiveCfg = Debug|Any CPU
		{07B5F0F5-0A25-4FA1-A3F8-D383A971B7F7}.Debug|Any CPU.Build.0 = Debug|Any CPU
		{07B5F0F5-0A25-4FA1-A3F8-D383A971B7F7}.Release|Any CPU.ActiveCfg = Release|Any CPU
		{07B5F0F5-0A25-4FA1-A3F8-D383A971B7F7}.Release|Any CPU.Build.0 = Release|Any CPU
		{E7BF9C9F-092B-4010-8405-209A5671390E}.Debug|Any CPU.ActiveCfg = Debug|Any CPU
		{E7BF9C9F-092B-4010-8405-209A5671390E}.Debug|Any CPU.Build.0 = Debug|Any CPU
		{E7BF9C9F-092B-4010-8405-209A5671390E}.Release|Any CPU.ActiveCfg = Release|Any CPU
		{E7BF9C9F-092B-4010-8405-209A5671390E}.Release|Any CPU.Build.0 = Release|Any CPU
		{CB33796F-0C06-415A-8FE7-8C2332F1CD75}.Debug|Any CPU.ActiveCfg = Debug|Any CPU
		{CB33796F-0C06-415A-8FE7-8C2332F1CD75}.Debug|Any CPU.Build.0 = Debug|Any CPU
		{CB33796F-0C06-415A-8FE7-8C2332F1CD75}.Release|Any CPU.ActiveCfg = Release|Any CPU
		{CB33796F-0C06-415A-8FE7-8C2332F1CD75}.Release|Any CPU.Build.0 = Release|Any CPU
		{C0111D17-0DE1-463B-B51D-3A77F7ADE847}.Debug|Any CPU.ActiveCfg = Debug|Any CPU
		{C0111D17-0DE1-463B-B51D-3A77F7ADE847}.Debug|Any CPU.Build.0 = Debug|Any CPU
		{C0111D17-0DE1-463B-B51D-3A77F7ADE847}.Release|Any CPU.ActiveCfg = Release|Any CPU
		{C0111D17-0DE1-463B-B51D-3A77F7ADE847}.Release|Any CPU.Build.0 = Release|Any CPU
		{7E862AC9-DF0F-4505-9B9E-4C7145B0E4A1}.Debug|Any CPU.ActiveCfg = Debug|Any CPU
		{7E862AC9-DF0F-4505-9B9E-4C7145B0E4A1}.Debug|Any CPU.Build.0 = Debug|Any CPU
		{7E862AC9-DF0F-4505-9B9E-4C7145B0E4A1}.Release|Any CPU.ActiveCfg = Release|Any CPU
		{7E862AC9-DF0F-4505-9B9E-4C7145B0E4A1}.Release|Any CPU.Build.0 = Release|Any CPU
	EndGlobalSection
	GlobalSection(SolutionProperties) = preSolution
		HideSolutionNode = FALSE
	EndGlobalSection
	GlobalSection(NestedProjects) = preSolution
		{2568CB7C-72DA-410C-AEC1-2F2ECD07F931} = {02EA681E-C7D8-13C7-8484-4AC65E1B71E8}
		{C8AF5D21-217F-4BFA-AC59-8C24450C73FD} = {02EA681E-C7D8-13C7-8484-4AC65E1B71E8}
		{1F3332D2-EB13-4B3E-830B-AB04F353A313} = {02EA681E-C7D8-13C7-8484-4AC65E1B71E8}
		{6A16BFE4-0624-45D7-B974-9AB646DCE428} = {440628FD-3803-485D-96F7-1E5C53D68A14}
		{ACA89CCC-EAC4-4C99-9943-FCAC94B9F917} = {440628FD-3803-485D-96F7-1E5C53D68A14}
		{B3A71399-49EE-4642-A67B-E3A9B6992844} = {440628FD-3803-485D-96F7-1E5C53D68A14}
		{DE89BB11-7CEF-410B-82D8-88D638B859D3} = {0249D40F-0113-4682-9F70-8A5BFD7FA957}
		{07B5F0F5-0A25-4FA1-A3F8-D383A971B7F7} = {0249D40F-0113-4682-9F70-8A5BFD7FA957}
		{E7BF9C9F-092B-4010-8405-209A5671390E} = {0249D40F-0113-4682-9F70-8A5BFD7FA957}
		{CB33796F-0C06-415A-8FE7-8C2332F1CD75} = {C5B0EA88-D72B-4DC4-8DAC-BB0B788CCA31}
		{C0111D17-0DE1-463B-B51D-3A77F7ADE847} = {C5B0EA88-D72B-4DC4-8DAC-BB0B788CCA31}
		{7E862AC9-DF0F-4505-9B9E-4C7145B0E4A1} = {C5B0EA88-D72B-4DC4-8DAC-BB0B788CCA31}
	EndGlobalSection
	GlobalSection(ExtensibilityGlobals) = postSolution
		SolutionGuid = {4DDA3C8A-AAC7-43DF-9C9B-7AFB314735D5}
	EndGlobalSection
EndGlobal
